Microsoft Visual Studio Solution File, Format Version 11.00
# Visual Studio 2008

Project("{573374EA-0A64-55DC-F46A-2B3E37CC5677}") = "ArchitectTest", "Assembly-CSharp.csproj", "{9CC506F3-246A-88C8-B39D-20FC6713359A}"
EndProject
Global
	GlobalSection(SolutionConfigurationPlatforms) = preSolution
		Debug|Any CPU = Debug|Any CPU
		Release|Any CPU = Release|Any CPU
	EndGlobalSection
	GlobalSection(ProjectConfigurationPlatforms) = postSolution
		{9CC506F3-246A-88C8-B39D-20FC6713359A}.Debug|Any CPU.ActiveCfg = Debug|Any CPU
		{9CC506F3-246A-88C8-B39D-20FC6713359A}.Debug|Any CPU.Build.0 = Debug|Any CPU
		{9CC506F3-246A-88C8-B39D-20FC6713359A}.Release|Any CPU.ActiveCfg = Release|Any CPU
		{9CC506F3-246A-88C8-B39D-20FC6713359A}.Release|Any CPU.Build.0 = Release|Any CPU
	EndGlobalSection
	GlobalSection(SolutionProperties) = preSolution
		HideSolutionNode = FALSE
	EndGlobalSection
	GlobalSection(MonoDevelopProperties) = preSolution
		StartupItem = Assembly-CSharp.csproj
	EndGlobalSection
EndGlobal
